
Microsoft Visual Studio Solution File, Format Version 12.00
# Visual Studio Version 16
VisualStudioVersion = 16.0.33927.289
MinimumVisualStudioVersion = 10.0.40219.1
Project("{9A19103F-16F7-4668-BE54-9A1E7A4F7556}") = "RewardService", "RewardService.csproj", "{E5F4629B-55F6-4564-AEBD-697646EC36D1}"
EndProject
Global
	GlobalSection(SolutionConfigurationPlatforms) = preSolution
		Debug|Any CPU = Debug|Any CPU
		Release|Any CPU = Release|Any CPU
	EndGlobalSection
	GlobalSection(ProjectConfigurationPlatforms) = postSolution
		{E5F4629B-55F6-4564-AEBD-697646EC36D1}.Debug|Any CPU.ActiveCfg = Debug|Any CPU
		{E5F4629B-55F6-4564-AEBD-697646EC36D1}.Debug|Any CPU.Build.0 = Debug|Any CPU
		{E5F4629B-55F6-4564-AEBD-697646EC36D1}.Release|Any CPU.ActiveCfg = Release|Any CPU
		{E5F4629B-55F6-4564-AEBD-697646EC36D1}.Release|Any CPU.Build.0 = Release|Any CPU
	EndGlobalSection
	GlobalSection(SolutionProperties) = preSolution
		HideSolutionNode = FALSE
	EndGlobalSection
	GlobalSection(ExtensibilityGlobals) = postSolution
		SolutionGuid = {549BC1DA-8572-4EFE-A39B-DD7B080B1796}
	EndGlobalSection
EndGlobal
